
Microsoft Visual Studio Solution File, Format Version 12.00
# Visual Studio Version 17
VisualStudioVersion = 17.13.35825.156 d17.13
MinimumVisualStudioVersion = 10.0.40219.1
Project("{FAE04EC0-301F-11D3-BF4B-00C04F79EFBC}") = "UltimateSystemInfo", "UltimateSystemInfo\UltimateSystemInfo.csproj", "{C1FC5791-85DF-423D-BF5D-94A38C612361}"
EndProject
Global
	GlobalSection(SolutionConfigurationPlatforms) = preSolution
		Debug|ARM64 = Debug|ARM64
		Debug|x64 = Debug|x64
		Debug|x86 = Debug|x86
		Release|ARM64 = Release|ARM64
		Release|x64 = Release|x64
		Release|x86 = Release|x86
	EndGlobalSection
	GlobalSection(ProjectConfigurationPlatforms) = postSolution
		{C1FC5791-85DF-423D-BF5D-94A38C612361}.Debug|ARM64.ActiveCfg = Debug|ARM64
		{C1FC5791-85DF-423D-BF5D-94A38C612361}.Debug|ARM64.Build.0 = Debug|ARM64
		{C1FC5791-85DF-423D-BF5D-94A38C612361}.Debug|ARM64.Deploy.0 = Debug|ARM64
		{C1FC5791-85DF-423D-BF5D-94A38C612361}.Debug|x64.ActiveCfg = Debug|x64
		{C1FC5791-85DF-423D-BF5D-94A38C612361}.Debug|x64.Build.0 = Debug|x64
		{C1FC5791-85DF-423D-BF5D-94A38C612361}.Debug|x64.Deploy.0 = Debug|x64
		{C1FC5791-85DF-423D-BF5D-94A38C612361}.Debug|x86.ActiveCfg = Debug|x86
		{C1FC5791-85DF-423D-BF5D-94A38C612361}.Debug|x86.Build.0 = Debug|x86
		{C1FC5791-85DF-423D-BF5D-94A38C612361}.Debug|x86.Deploy.0 = Debug|x86
		{C1FC5791-85DF-423D-BF5D-94A38C612361}.Release|ARM64.ActiveCfg = Release|ARM64
		{C1FC5791-85DF-423D-BF5D-94A38C612361}.Release|ARM64.Build.0 = Release|ARM64
		{C1FC5791-85DF-423D-BF5D-94A38C612361}.Release|ARM64.Deploy.0 = Release|ARM64
		{C1FC5791-85DF-423D-BF5D-94A38C612361}.Release|x64.ActiveCfg = Release|x64
		{C1FC5791-85DF-423D-BF5D-94A38C612361}.Release|x64.Build.0 = Release|x64
		{C1FC5791-85DF-423D-BF5D-94A38C612361}.Release|x64.Deploy.0 = Release|x64
		{C1FC5791-85DF-423D-BF5D-94A38C612361}.Release|x86.ActiveCfg = Release|x86
		{C1FC5791-85DF-423D-BF5D-94A38C612361}.Release|x86.Build.0 = Release|x86
		{C1FC5791-85DF-423D-BF5D-94A38C612361}.Release|x86.Deploy.0 = Release|x86
	EndGlobalSection
	GlobalSection(SolutionProperties) = preSolution
		HideSolutionNode = FALSE
	EndGlobalSection
	GlobalSection(ExtensibilityGlobals) = postSolution
		SolutionGuid = {15434D05-8642-4F99-84CB-660474F7D7A6}
	EndGlobalSection
EndGlobal
